
Microsoft Visual Studio Solution File, Format Version 12.00
Project("{FAE04EC0-301F-11D3-BF4B-00C04F79EFBC}") = "TechDayKata", "TechDayKata\TechDayKata.csproj", "{FF89E29B-9802-41AA-AE8D-362C1048586C}"
EndProject
Project("{FAE04EC0-301F-11D3-BF4B-00C04F79EFBC}") = "TechDayKataTests", "TechDayKataTests\TechDayKataTests.csproj", "{F03385C1-8C94-4B79-9373-FCDB8C47AFD1}"
EndProject
Global
	GlobalSection(SolutionConfigurationPlatforms) = preSolution
		Debug|Any CPU = Debug|Any CPU
		Release|Any CPU = Release|Any CPU
	EndGlobalSection
	GlobalSection(ProjectConfigurationPlatforms) = postSolution
		{FF89E29B-9802-41AA-AE8D-362C1048586C}.Debug|Any CPU.ActiveCfg = Debug|Any CPU
		{FF89E29B-9802-41AA-AE8D-362C1048586C}.Debug|Any CPU.Build.0 = Debug|Any CPU
		{FF89E29B-9802-41AA-AE8D-362C1048586C}.Release|Any CPU.ActiveCfg = Release|Any CPU
		{FF89E29B-9802-41AA-AE8D-362C1048586C}.Release|Any CPU.Build.0 = Release|Any CPU
		{F03385C1-8C94-4B79-9373-FCDB8C47AFD1}.Debug|Any CPU.ActiveCfg = Debug|Any CPU
		{F03385C1-8C94-4B79-9373-FCDB8C47AFD1}.Debug|Any CPU.Build.0 = Debug|Any CPU
		{F03385C1-8C94-4B79-9373-FCDB8C47AFD1}.Release|Any CPU.ActiveCfg = Release|Any CPU
		{F03385C1-8C94-4B79-9373-FCDB8C47AFD1}.Release|Any CPU.Build.0 = Release|Any CPU
	EndGlobalSection
EndGlobal
